
Microsoft Visual Studio Solution File, Format Version 12.00
# Visual Studio Version 17
VisualStudioVersion = 17.2.32630.192
MinimumVisualStudioVersion = 10.0.40219.1
Project("{FAE04EC0-301F-11D3-BF4B-00C04F79EFBC}") = "BlazorApp", "BlazorApp\BlazorApp.csproj", "{13CC42AB-23F6-42B8-B751-8B119476F39F}"
EndProject
Global
	GlobalSection(SolutionConfigurationPlatforms) = preSolution
		Debug|Any CPU = Debug|Any CPU
		Release|Any CPU = Release|Any CPU
	EndGlobalSection
	GlobalSection(ProjectConfigurationPlatforms) = postSolution
		{13CC42AB-23F6-42B8-B751-8B119476F39F}.Debug|Any CPU.ActiveCfg = Debug|Any CPU
		{13CC42AB-23F6-42B8-B751-8B119476F39F}.Debug|Any CPU.Build.0 = Debug|Any CPU
		{13CC42AB-23F6-42B8-B751-8B119476F39F}.Release|Any CPU.ActiveCfg = Release|Any CPU
		{13CC42AB-23F6-42B8-B751-8B119476F39F}.Release|Any CPU.Build.0 = Release|Any CPU
	EndGlobalSection
	GlobalSection(SolutionProperties) = preSolution
		HideSolutionNode = FALSE
	EndGlobalSection
	GlobalSection(ExtensibilityGlobals) = postSolution
		SolutionGuid = {CD064499-CF27-407D-9853-9633EF8C8911}
	EndGlobalSection
EndGlobal
